{
<<<<<<< HEAD
  "name": "BigBrothers-network",
  "lockfileVersion": 2,
  "requires": true,
  "packages": {}
=======
  "name": "bigbrothers-network",
  "version": "1.0.0",
  "lockfileVersion": 2,
  "requires": true,
  "packages": {
    "": {
      "name": "bigbrothers-network",
      "version": "1.0.0",
      "license": "ISC"
    }
  }
>>>>>>> c5926d27e1daa4e76b28f7cefe542c08589d85fd
}
